// !$*UTF8*$!
{
	archiveVersion = 1;
	classes = {
	};
	objectVersion = 46;
	objects = {

/* Begin PBXBuildFile section */
		B90AE30F2ADEA62AB56DA68F /* libPods.a in Frameworks */ = {isa = PBXBuildFile; fileRef = 222A175FC664854DD3F2B649 /* libPods.a */; };
		D87CFD221C9CA4040021BBDD /* AppDelegate.swift in Sources */ = {isa = PBXBuildFile; fileRef = D87CFD211C9CA4040021BBDD /* AppDelegate.swift */; };
		D87CFD241C9CA4040021BBDD /* ViewController.swift in Sources */ = {isa = PBXBuildFile; fileRef = D87CFD231C9CA4040021BBDD /* ViewController.swift */; };
		D87CFD271C9CA4040021BBDD /* Main.storyboard in Resources */ = {isa = PBXBuildFile; fileRef = D87CFD251C9CA4040021BBDD /* Main.storyboard */; };
		D87CFD291C9CA4040021BBDD /* Assets.xcassets in Resources */ = {isa = PBXBuildFile; fileRef = D87CFD281C9CA4040021BBDD /* Assets.xcassets */; };
		D87CFD2C1C9CA4040021BBDD /* LaunchScreen.storyboard in Resources */ = {isa = PBXBuildFile; fileRef = D87CFD2A1C9CA4040021BBDD /* LaunchScreen.storyboard */; };
		D87CFD371C9CA4040021BBDD /* Office365DemoTests.swift in Sources */ = {isa = PBXBuildFile; fileRef = D87CFD361C9CA4040021BBDD /* Office365DemoTests.swift */; };
		D87CFD421C9CA4040021BBDD /* Office365DemoUITests.swift in Sources */ = {isa = PBXBuildFile; fileRef = D87CFD411C9CA4040021BBDD /* Office365DemoUITests.swift */; };
		D87CFF7F1C9CB8FC0021BBDD /* Office365APIController.swift in Sources */ = {isa = PBXBuildFile; fileRef = D87CFF7E1C9CB8FC0021BBDD /* Office365APIController.swift */; };
		D87CFF821C9CB9420021BBDD /* Office365.swift in Sources */ = {isa = PBXBuildFile; fileRef = D87CFF811C9CB9420021BBDD /* Office365.swift */; };
		D87CFF8C1C9CC2010021BBDD /* Office365LoginButton.swift in Sources */ = {isa = PBXBuildFile; fileRef = D87CFF8B1C9CC2010021BBDD /* Office365LoginButton.swift */; };
/* End PBXBuildFile section */

/* Begin PBXContainerItemProxy section */
		D87CFD331C9CA4040021BBDD /* PBXContainerItemProxy */ = {
			isa = PBXContainerItemProxy;
			containerPortal = D87CFD161C9CA4040021BBDD /* Project object */;
			proxyType = 1;
			remoteGlobalIDString = D87CFD1D1C9CA4040021BBDD;
			remoteInfo = Office365Demo;
		};
		D87CFD3E1C9CA4040021BBDD /* PBXContainerItemProxy */ = {
			isa = PBXContainerItemProxy;
			containerPortal = D87CFD161C9CA4040021BBDD /* Project object */;
			proxyType = 1;
			remoteGlobalIDString = D87CFD1D1C9CA4040021BBDD;
			remoteInfo = Office365Demo;
		};
/* End PBXContainerItemProxy section */

/* Begin PBXFileReference section */
		094716D8DA93537142958572 /* Pods.debug.xcconfig */ = {isa = PBXFileReference; includeInIndex = 1; lastKnownFileType = text.xcconfig; name = Pods.debug.xcconfig; path = "Pods/Target Support Files/Pods/Pods.debug.xcconfig"; sourceTree = "<group>"; };
		222A175FC664854DD3F2B649 /* libPods.a */ = {isa = PBXFileReference; explicitFileType = archive.ar; includeInIndex = 0; path = libPods.a; sourceTree = BUILT_PRODUCTS_DIR; };
		A8D6EF6CEFA643C20B6DFA48 /* Pods.release.xcconfig */ = {isa = PBXFileReference; includeInIndex = 1; lastKnownFileType = text.xcconfig; name = Pods.release.xcconfig; path = "Pods/Target Support Files/Pods/Pods.release.xcconfig"; sourceTree = "<group>"; };
		D87CFD1E1C9CA4040021BBDD /* Office365Demo.app */ = {isa = PBXFileReference; explicitFileType = wrapper.application; includeInIndex = 0; path = Office365Demo.app; sourceTree = BUILT_PRODUCTS_DIR; };
		D87CFD211C9CA4040021BBDD /* AppDelegate.swift */ = {isa = PBXFileReference; lastKnownFileType = sourcecode.swift; path = AppDelegate.swift; sourceTree = "<group>"; };
		D87CFD231C9CA4040021BBDD /* ViewController.swift */ = {isa = PBXFileReference; lastKnownFileType = sourcecode.swift; path = ViewController.swift; sourceTree = "<group>"; };
		D87CFD261C9CA4040021BBDD /* Base */ = {isa = PBXFileReference; lastKnownFileType = file.storyboard; name = Base; path = Base.lproj/Main.storyboard; sourceTree = "<group>"; };
		D87CFD281C9CA4040021BBDD /* Assets.xcassets */ = {isa = PBXFileReference; lastKnownFileType = folder.assetcatalog; path = Assets.xcassets; sourceTree = "<group>"; };
		D87CFD2B1C9CA4040021BBDD /* Base */ = {isa = PBXFileReference; lastKnownFileType = file.storyboard; name = Base; path = Base.lproj/LaunchScreen.storyboard; sourceTree = "<group>"; };
		D87CFD2D1C9CA4040021BBDD /* Info.plist */ = {isa = PBXFileReference; lastKnownFileType = text.plist.xml; path = Info.plist; sourceTree = "<group>"; };
		D87CFD321C9CA4040021BBDD /* Office365DemoTests.xctest */ = {isa = PBXFileReference; explicitFileType = wrapper.cfbundle; includeInIndex = 0; path = Office365DemoTests.xctest; sourceTree = BUILT_PRODUCTS_DIR; };
		D87CFD361C9CA4040021BBDD /* Office365DemoTests.swift */ = {isa = PBXFileReference; lastKnownFileType = sourcecode.swift; path = Office365DemoTests.swift; sourceTree = "<group>"; };
		D87CFD381C9CA4040021BBDD /* Info.plist */ = {isa = PBXFileReference; lastKnownFileType = text.plist.xml; path = Info.plist; sourceTree = "<group>"; };
		D87CFD3D1C9CA4040021BBDD /* Office365DemoUITests.xctest */ = {isa = PBXFileReference; explicitFileType = wrapper.cfbundle; includeInIndex = 0; path = Office365DemoUITests.xctest; sourceTree = BUILT_PRODUCTS_DIR; };
		D87CFD411C9CA4040021BBDD /* Office365DemoUITests.swift */ = {isa = PBXFileReference; lastKnownFileType = sourcecode.swift; path = Office365DemoUITests.swift; sourceTree = "<group>"; };
		D87CFD431C9CA4040021BBDD /* Info.plist */ = {isa = PBXFileReference; lastKnownFileType = text.plist.xml; path = Info.plist; sourceTree = "<group>"; };
		D87CFF7E1C9CB8FC0021BBDD /* Office365APIController.swift */ = {isa = PBXFileReference; fileEncoding = 4; lastKnownFileType = sourcecode.swift; name = Office365APIController.swift; path = api/Office365APIController.swift; sourceTree = "<group>"; };
		D87CFF811C9CB9420021BBDD /* Office365.swift */ = {isa = PBXFileReference; fileEncoding = 4; lastKnownFileType = sourcecode.swift; name = Office365.swift; path = model/Office365.swift; sourceTree = "<group>"; };
		D87CFF831C9CB9D50021BBDD /* Bridging-Header.h */ = {isa = PBXFileReference; lastKnownFileType = sourcecode.c.h; path = "Bridging-Header.h"; sourceTree = "<group>"; };
		D87CFF841C9CBA370021BBDD /* Office365Demo.entitlements */ = {isa = PBXFileReference; lastKnownFileType = text.xml; path = Office365Demo.entitlements; sourceTree = "<group>"; };
		D87CFF8B1C9CC2010021BBDD /* Office365LoginButton.swift */ = {isa = PBXFileReference; fileEncoding = 4; lastKnownFileType = sourcecode.swift; name = Office365LoginButton.swift; path = custom/Office365LoginButton.swift; sourceTree = "<group>"; };
/* End PBXFileReference section */

/* Begin PBXFrameworksBuildPhase section */
		D87CFD1B1C9CA4040021BBDD /* Frameworks */ = {
			isa = PBXFrameworksBuildPhase;
			buildActionMask = 2147483647;
			files = (
				B90AE30F2ADEA62AB56DA68F /* libPods.a in Frameworks */,
			);
			runOnlyForDeploymentPostprocessing = 0;
		};
		D87CFD2F1C9CA4040021BBDD /* Frameworks */ = {
			isa = PBXFrameworksBuildPhase;
			buildActionMask = 2147483647;
			files = (
			);
			runOnlyForDeploymentPostprocessing = 0;
		};
		D87CFD3A1C9CA4040021BBDD /* Frameworks */ = {
			isa = PBXFrameworksBuildPhase;
			buildActionMask = 2147483647;
			files = (
			);
			runOnlyForDeploymentPostprocessing = 0;
		};
/* End PBXFrameworksBuildPhase section */

/* Begin PBXGroup section */
		C1C72A0028B65DBCAD3FB821 /* Pods */ = {
			isa = PBXGroup;
			children = (
				094716D8DA93537142958572 /* Pods.debug.xcconfig */,
				A8D6EF6CEFA643C20B6DFA48 /* Pods.release.xcconfig */,
			);
			name = Pods;
			sourceTree = "<group>";
		};
		D87CFD151C9CA4040021BBDD = {
			isa = PBXGroup;
			children = (
				D87CFD201C9CA4040021BBDD /* Office365Demo */,
				D87CFD351C9CA4040021BBDD /* Office365DemoTests */,
				D87CFD401C9CA4040021BBDD /* Office365DemoUITests */,
				D87CFD1F1C9CA4040021BBDD /* Products */,
				C1C72A0028B65DBCAD3FB821 /* Pods */,
				EBCBF9BEEB45C26675C18E57 /* Frameworks */,
			);
			sourceTree = "<group>";
		};
		D87CFD1F1C9CA4040021BBDD /* Products */ = {
			isa = PBXGroup;
			children = (
				D87CFD1E1C9CA4040021BBDD /* Office365Demo.app */,
				D87CFD321C9CA4040021BBDD /* Office365DemoTests.xctest */,
				D87CFD3D1C9CA4040021BBDD /* Office365DemoUITests.xctest */,
			);
			name = Products;
			sourceTree = "<group>";
		};
		D87CFD201C9CA4040021BBDD /* Office365Demo */ = {
			isa = PBXGroup;
			children = (
				D87CFF8A1C9CC1D90021BBDD /* custom */,
				D87CFF841C9CBA370021BBDD /* Office365Demo.entitlements */,
				D87CFF801C9CB9160021BBDD /* model */,
				D87CFF7D1C9CB8D60021BBDD /* api */,
				D87CFD211C9CA4040021BBDD /* AppDelegate.swift */,
				D87CFD231C9CA4040021BBDD /* ViewController.swift */,
				D87CFD251C9CA4040021BBDD /* Main.storyboard */,
				D87CFD281C9CA4040021BBDD /* Assets.xcassets */,
				D87CFD2A1C9CA4040021BBDD /* LaunchScreen.storyboard */,
				D87CFD2D1C9CA4040021BBDD /* Info.plist */,
				D87CFF831C9CB9D50021BBDD /* Bridging-Header.h */,
			);
			path = Office365Demo;
			sourceTree = "<group>";
		};
		D87CFD351C9CA4040021BBDD /* Office365DemoTests */ = {
			isa = PBXGroup;
			children = (
				D87CFD361C9CA4040021BBDD /* Office365DemoTests.swift */,
				D87CFD381C9CA4040021BBDD /* Info.plist */,
			);
			path = Office365DemoTests;
			sourceTree = "<group>";
		};
		D87CFD401C9CA4040021BBDD /* Office365DemoUITests */ = {
			isa = PBXGroup;
			children = (
				D87CFD411C9CA4040021BBDD /* Office365DemoUITests.swift */,
				D87CFD431C9CA4040021BBDD /* Info.plist */,
			);
			path = Office365DemoUITests;
			sourceTree = "<group>";
		};
		D87CFF7D1C9CB8D60021BBDD /* api */ = {
			isa = PBXGroup;
			children = (
				D87CFF7E1C9CB8FC0021BBDD /* Office365APIController.swift */,
			);
			name = api;
			sourceTree = "<group>";
		};
		D87CFF801C9CB9160021BBDD /* model */ = {
			isa = PBXGroup;
			children = (
				D87CFF811C9CB9420021BBDD /* Office365.swift */,
			);
			name = model;
			sourceTree = "<group>";
		};
		D87CFF8A1C9CC1D90021BBDD /* custom */ = {
			isa = PBXGroup;
			children = (
				D87CFF8B1C9CC2010021BBDD /* Office365LoginButton.swift */,
			);
			name = custom;
			sourceTree = "<group>";
		};
		EBCBF9BEEB45C26675C18E57 /* Frameworks */ = {
			isa = PBXGroup;
			children = (
				222A175FC664854DD3F2B649 /* libPods.a */,
			);
			name = Frameworks;
			sourceTree = "<group>";
		};
/* End PBXGroup section */

/* Begin PBXNativeTarget section */
		D87CFD1D1C9CA4040021BBDD /* Office365Demo */ = {
			isa = PBXNativeTarget;
			buildConfigurationList = D87CFD461C9CA4050021BBDD /* Build configuration list for PBXNativeTarget "Office365Demo" */;
			buildPhases = (
				AB0F9DC00EFB01B72D2AB6B6 /* Check Pods Manifest.lock */,
				D87CFD1A1C9CA4040021BBDD /* Sources */,
				D87CFD1B1C9CA4040021BBDD /* Frameworks */,
				D87CFD1C1C9CA4040021BBDD /* Resources */,
				9083962A4AD4A3C4E7A40DCA /* Embed Pods Frameworks */,
				92B385D9117B7CEA36A5AB93 /* Copy Pods Resources */,
			);
			buildRules = (
			);
			dependencies = (
			);
			name = Office365Demo;
			productName = Office365Demo;
			productReference = D87CFD1E1C9CA4040021BBDD /* Office365Demo.app */;
			productType = "com.apple.product-type.application";
		};
		D87CFD311C9CA4040021BBDD /* Office365DemoTests */ = {
			isa = PBXNativeTarget;
			buildConfigurationList = D87CFD491C9CA4050021BBDD /* Build configuration list for PBXNativeTarget "Office365DemoTests" */;
			buildPhases = (
				D87CFD2E1C9CA4040021BBDD /* Sources */,
				D87CFD2F1C9CA4040021BBDD /* Frameworks */,
				D87CFD301C9CA4040021BBDD /* Resources */,
			);
			buildRules = (
			);
			dependencies = (
				D87CFD341C9CA4040021BBDD /* PBXTargetDependency */,
			);
			name = Office365DemoTests;
			productName = Office365DemoTests;
			productReference = D87CFD321C9CA4040021BBDD /* Office365DemoTests.xctest */;
			productType = "com.apple.product-type.bundle.unit-test";
		};
		D87CFD3C1C9CA4040021BBDD /* Office365DemoUITests */ = {
			isa = PBXNativeTarget;
			buildConfigurationList = D87CFD4C1C9CA4050021BBDD /* Build configuration list for PBXNativeTarget "Office365DemoUITests" */;
			buildPhases = (
				D87CFD391C9CA4040021BBDD /* Sources */,
				D87CFD3A1C9CA4040021BBDD /* Frameworks */,
				D87CFD3B1C9CA4040021BBDD /* Resources */,
			);
			buildRules = (
			);
			dependencies = (
				D87CFD3F1C9CA4040021BBDD /* PBXTargetDependency */,
			);
			name = Office365DemoUITests;
			productName = Office365DemoUITests;
			productReference = D87CFD3D1C9CA4040021BBDD /* Office365DemoUITests.xctest */;
			productType = "com.apple.product-type.bundle.ui-testing";
		};
/* End PBXNativeTarget section */

/* Begin PBXProject section */
		D87CFD161C9CA4040021BBDD /* Project object */ = {
			isa = PBXProject;
			attributes = {
				LastSwiftUpdateCheck = 0720;
				LastUpgradeCheck = 0720;
				ORGANIZATIONNAME = "Mehmet Sen";
				TargetAttributes = {
					D87CFD1D1C9CA4040021BBDD = {
						CreatedOnToolsVersion = 7.2;
						DevelopmentTeam = RLAHF6FL89;
						SystemCapabilities = {
							com.apple.Keychain = {
								enabled = 1;
							};
						};
					};
					D87CFD311C9CA4040021BBDD = {
						CreatedOnToolsVersion = 7.2;
						TestTargetID = D87CFD1D1C9CA4040021BBDD;
					};
					D87CFD3C1C9CA4040021BBDD = {
						CreatedOnToolsVersion = 7.2;
						TestTargetID = D87CFD1D1C9CA4040021BBDD;
					};
				};
			};
			buildConfigurationList = D87CFD191C9CA4040021BBDD /* Build configuration list for PBXProject "Office365Demo" */;
			compatibilityVersion = "Xcode 3.2";
			developmentRegion = English;
			hasScannedForEncodings = 0;
			knownRegions = (
				en,
				Base,
			);
			mainGroup = D87CFD151C9CA4040021BBDD;
			productRefGroup = D87CFD1F1C9CA4040021BBDD /* Products */;
			projectDirPath = "";
			projectRoot = "";
			targets = (
				D87CFD1D1C9CA4040021BBDD /* Office365Demo */,
				D87CFD311C9CA4040021BBDD /* Office365DemoTests */,
				D87CFD3C1C9CA4040021BBDD /* Office365DemoUITests */,
			);
		};
/* End PBXProject section */

/* Begin PBXResourcesBuildPhase section */
		D87CFD1C1C9CA4040021BBDD /* Resources */ = {
			isa = PBXResourcesBuildPhase;
			buildActionMask = 2147483647;
			files = (
				D87CFD2C1C9CA4040021BBDD /* LaunchScreen.storyboard in Resources */,
				D87CFD291C9CA4040021BBDD /* Assets.xcassets in Resources */,
				D87CFD271C9CA4040021BBDD /* Main.storyboard in Resources */,
			);
			runOnlyForDeploymentPostprocessing = 0;
		};
		D87CFD301C9CA4040021BBDD /* Resources */ = {
			isa = PBXResourcesBuildPhase;
			buildActionMask = 2147483647;
			files = (
			);
			runOnlyForDeploymentPostprocessing = 0;
		};
		D87CFD3B1C9CA4040021BBDD /* Resources */ = {
			isa = PBXResourcesBuildPhase;
			buildActionMask = 2147483647;
			files = (
			);
			runOnlyForDeploymentPostprocessing = 0;
		};
/* End PBXResourcesBuildPhase section */

/* Begin PBXShellScriptBuildPhase section */
		9083962A4AD4A3C4E7A40DCA /* Embed Pods Frameworks */ = {
			isa = PBXShellScriptBuildPhase;
			buildActionMask = 2147483647;
			files = (
			);
			inputPaths = (
			);
			name = "Embed Pods Frameworks";
			outputPaths = (
			);
			runOnlyForDeploymentPostprocessing = 0;
			shellPath = /bin/sh;
			shellScript = "\"${SRCROOT}/Pods/Target Support Files/Pods/Pods-frameworks.sh\"\n";
			showEnvVarsInLog = 0;
		};
		92B385D9117B7CEA36A5AB93 /* Copy Pods Resources */ = {
			isa = PBXShellScriptBuildPhase;
			buildActionMask = 2147483647;
			files = (
			);
			inputPaths = (
			);
			name = "Copy Pods Resources";
			outputPaths = (
			);
			runOnlyForDeploymentPostprocessing = 0;
			shellPath = /bin/sh;
			shellScript = "\"${SRCROOT}/Pods/Target Support Files/Pods/Pods-resources.sh\"\n";
			showEnvVarsInLog = 0;
		};
		AB0F9DC00EFB01B72D2AB6B6 /* Check Pods Manifest.lock */ = {
			isa = PBXShellScriptBuildPhase;
			buildActionMask = 2147483647;
			files = (
			);
			inputPaths = (
			);
			name = "Check Pods Manifest.lock";
			outputPaths = (
			);
			runOnlyForDeploymentPostprocessing = 0;
			shellPath = /bin/sh;
			shellScript = "diff \"${PODS_ROOT}/../Podfile.lock\" \"${PODS_ROOT}/Manifest.lock\" > /dev/null\nif [[ $? != 0 ]] ; then\n    cat << EOM\nerror: The sandbox is not in sync with the Podfile.lock. Run 'pod install' or update your CocoaPods installation.\nEOM\n    exit 1\nfi\n";
			showEnvVarsInLog = 0;
		};
/* End PBXShellScriptBuildPhase section */

/* Begin PBXSourcesBuildPhase section */
		D87CFD1A1C9CA4040021BBDD /* Sources */ = {
			isa = PBXSourcesBuildPhase;
			buildActionMask = 2147483647;
			files = (
				D87CFD241C9CA4040021BBDD /* ViewController.swift in Sources */,
				D87CFF821C9CB9420021BBDD /* Office365.swift in Sources */,
				D87CFD221C9CA4040021BBDD /* AppDelegate.swift in Sources */,
				D87CFF8C1C9CC2010021BBDD /* Office365LoginButton.swift in Sources */,
				D87CFF7F1C9CB8FC0021BBDD /* Office365APIController.swift in Sources */,
			);
			runOnlyForDeploymentPostprocessing = 0;
		};
		D87CFD2E1C9CA4040021BBDD /* Sources */ = {
			isa = PBXSourcesBuildPhase;
			buildActionMask = 2147483647;
			files = (
				D87CFD371C9CA4040021BBDD /* Office365DemoTests.swift in Sources */,
			);
			runOnlyForDeploymentPostprocessing = 0;
		};
		D87CFD391C9CA4040021BBDD /* Sources */ = {
			isa = PBXSourcesBuildPhase;
			buildActionMask = 2147483647;
			files = (
				D87CFD421C9CA4040021BBDD /* Office365DemoUITests.swift in Sources */,
			);
			runOnlyForDeploymentPostprocessing = 0;
		};
/* End PBXSourcesBuildPhase section */

/* Begin PBXTargetDependency section */
		D87CFD341C9CA4040021BBDD /* PBXTargetDependency */ = {
			isa = PBXTargetDependency;
			target = D87CFD1D1C9CA4040021BBDD /* Office365Demo */;
			targetProxy = D87CFD331C9CA4040021BBDD /* PBXContainerItemProxy */;
		};
		D87CFD3F1C9CA4040021BBDD /* PBXTargetDependency */ = {
			isa = PBXTargetDependency;
			target = D87CFD1D1C9CA4040021BBDD /* Office365Demo */;
			targetProxy = D87CFD3E1C9CA4040021BBDD /* PBXContainerItemProxy */;
		};
/* End PBXTargetDependency section */

/* Begin PBXVariantGroup section */
		D87CFD251C9CA4040021BBDD /* Main.storyboard */ = {
			isa = PBXVariantGroup;
			children = (
				D87CFD261C9CA4040021BBDD /* Base */,
			);
			name = Main.storyboard;
			sourceTree = "<group>";
		};
		D87CFD2A1C9CA4040021BBDD /* LaunchScreen.storyboard */ = {
			isa = PBXVariantGroup;
			children = (
				D87CFD2B1C9CA4040021BBDD /* Base */,
			);
			name = LaunchScreen.storyboard;
			sourceTree = "<group>";
		};
/* End PBXVariantGroup section */

/* Begin XCBuildConfiguration section */
		D87CFD441C9CA4040021BBDD /* Debug */ = {
			isa = XCBuildConfiguration;
			buildSettings = {
				ALWAYS_SEARCH_USER_PATHS = NO;
				CLANG_CXX_LANGUAGE_STANDARD = "gnu++0x";
				CLANG_CXX_LIBRARY = "libc++";
				CLANG_ENABLE_MODULES = YES;
				CLANG_ENABLE_OBJC_ARC = YES;
				CLANG_WARN_BOOL_CONVERSION = YES;
				CLANG_WARN_CONSTANT_CONVERSION = YES;
				CLANG_WARN_DIRECT_OBJC_ISA_USAGE = YES_ERROR;
				CLANG_WARN_EMPTY_BODY = YES;
				CLANG_WARN_ENUM_CONVERSION = YES;
				CLANG_WARN_INT_CONVERSION = YES;
				CLANG_WARN_OBJC_ROOT_CLASS = YES_ERROR;
				CLANG_WARN_UNREACHABLE_CODE = YES;
				CLANG_WARN__DUPLICATE_METHOD_MATCH = YES;
				"CODE_SIGN_IDENTITY[sdk=iphoneos*]" = "iPhone Developer";
				COPY_PHASE_STRIP = NO;
				DEBUG_INFORMATION_FORMAT = dwarf;
				ENABLE_STRICT_OBJC_MSGSEND = YES;
				ENABLE_TESTABILITY = YES;
				GCC_C_LANGUAGE_STANDARD = gnu99;
				GCC_DYNAMIC_NO_PIC = NO;
				GCC_NO_COMMON_BLOCKS = YES;
				GCC_OPTIMIZATION_LEVEL = 0;
				GCC_PREPROCESSOR_DEFINITIONS = (
					"DEBUG=1",
					"$(inherited)",
				);
				GCC_WARN_64_TO_32_BIT_CONVERSION = YES;
				GCC_WARN_ABOUT_RETURN_TYPE = YES_ERROR;
				GCC_WARN_UNDECLARED_SELECTOR = YES;
				GCC_WARN_UNINITIALIZED_AUTOS = YES_AGGRESSIVE;
				GCC_WARN_UNUSED_FUNCTION = YES;
				GCC_WARN_UNUSED_VARIABLE = YES;
				IPHONEOS_DEPLOYMENT_TARGET = 9.2;
				MTL_ENABLE_DEBUG_INFO = YES;
				ONLY_ACTIVE_ARCH = YES;
				SDKROOT = iphoneos;
				SWIFT_OPTIMIZATION_LEVEL = "-Onone";
				TARGETED_DEVICE_FAMILY = "1,2";
			};
			name = Debug;
		};
		D87CFD451C9CA4040021BBDD /* Release */ = {
			isa = XCBuildConfiguration;
			buildSettings = {
				ALWAYS_SEARCH_USER_PATHS = NO;
				CLANG_CXX_LANGUAGE_STANDARD = "gnu++0x";
				CLANG_CXX_LIBRARY = "libc++";
				CLANG_ENABLE_MODULES = YES;
				CLANG_ENABLE_OBJC_ARC = YES;
				CLANG_WARN_BOOL_CONVERSION = YES;
				CLANG_WARN_CONSTANT_CONVERSION = YES;
				CLANG_WARN_DIRECT_OBJC_ISA_USAGE = YES_ERROR;
				CLANG_WARN_EMPTY_BODY = YES;
				CLANG_WARN_ENUM_CONVERSION = YES;
				CLANG_WARN_INT_CONVERSION = YES;
				CLANG_WARN_OBJC_ROOT_CLASS = YES_ERROR;
				CLANG_WARN_UNREACHABLE_CODE = YES;
				CLANG_WARN__DUPLICATE_METHOD_MATCH = YES;
				"CODE_SIGN_IDENTITY[sdk=iphoneos*]" = "iPhone Developer";
				COPY_PHASE_STRIP = NO;
				DEBUG_INFORMATION_FORMAT = "dwarf-with-dsym";
				ENABLE_NS_ASSERTIONS = NO;
				ENABLE_STRICT_OBJC_MSGSEND = YES;
				GCC_C_LANGUAGE_STANDARD = gnu99;
				GCC_NO_COMMON_BLOCKS = YES;
				GCC_WARN_64_TO_32_BIT_CONVERSION = YES;
				GCC_WARN_ABOUT_RETURN_TYPE = YES_ERROR;
				GCC_WARN_UNDECLARED_SELECTOR = YES;
				GCC_WARN_UNINITIALIZED_AUTOS = YES_AGGRESSIVE;
				GCC_WARN_UNUSED_FUNCTION = YES;
				GCC_WARN_UNUSED_VARIABLE = YES;
				IPHONEOS_DEPLOYMENT_TARGET = 9.2;
				MTL_ENABLE_DEBUG_INFO = NO;
				SDKROOT = iphoneos;
				TARGETED_DEVICE_FAMILY = "1,2";
				VALIDATE_PRODUCT = YES;
			};
			name = Release;
		};
		D87CFD471C9CA4050021BBDD /* Debug */ = {
			isa = XCBuildConfiguration;
			baseConfigurationReference = 094716D8DA93537142958572 /* Pods.debug.xcconfig */;
			buildSettings = {
				ASSETCATALOG_COMPILER_APPICON_NAME = AppIcon;
				CODE_SIGN_ENTITLEMENTS = Office365Demo/Office365Demo.entitlements;
				INFOPLIST_FILE = Office365Demo/Info.plist;
				LD_RUNPATH_SEARCH_PATHS = "$(inherited) @executable_path/Frameworks";
				PRODUCT_BUNDLE_IDENTIFIER = nau.Office365Demo;
				PRODUCT_NAME = "$(TARGET_NAME)";
				SWIFT_OBJC_BRIDGING_HEADER = "Office365Demo/Bridging-Header.h";
			};
			name = Debug;
		};
		D87CFD481C9CA4050021BBDD /* Release */ = {
			isa = XCBuildConfiguration;
			baseConfigurationReference = A8D6EF6CEFA643C20B6DFA48 /* Pods.release.xcconfig */;
			buildSettings = {
				ASSETCATALOG_COMPILER_APPICON_NAME = AppIcon;
				CODE_SIGN_ENTITLEMENTS = Office365Demo/Office365Demo.entitlements;
				INFOPLIST_FILE = Office365Demo/Info.plist;
				LD_RUNPATH_SEARCH_PATHS = "$(inherited) @executable_path/Frameworks";
				PRODUCT_BUNDLE_IDENTIFIER = nau.Office365Demo;
				PRODUCT_NAME = "$(TARGET_NAME)";
				SWIFT_OBJC_BRIDGING_HEADER = "Office365Demo/Bridging-Header.h";
			};
			name = Release;
		};
		D87CFD4A1C9CA4050021BBDD /* Debug */ = {
			isa = XCBuildConfiguration;
			buildSettings = {
				BUNDLE_LOADER = "$(TEST_HOST)";
				INFOPLIST_FILE = Office365DemoTests/Info.plist;
				LD_RUNPATH_SEARCH_PATHS = "$(inherited) @executable_path/Frameworks @loader_path/Frameworks";
				PRODUCT_BUNDLE_IDENTIFIER = nau.Office365DemoTests;
				PRODUCT_NAME = "$(TARGET_NAME)";
				TEST_HOST = "$(BUILT_PRODUCTS_DIR)/Office365Demo.app/Office365Demo";
			};
			name = Debug;
		};
		D87CFD4B1C9CA4050021BBDD /* Release */ = {
			isa = XCBuildConfiguration;
			buildSettings = {
				BUNDLE_LOADER = "$(TEST_HOST)";
				INFOPLIST_FILE = Office365DemoTests/Info.plist;
				LD_RUNPATH_SEARCH_PATHS = "$(inherited) @executable_path/Frameworks @loader_path/Frameworks";
				PRODUCT_BUNDLE_IDENTIFIER = nau.Office365DemoTests;
				PRODUCT_NAME = "$(TARGET_NAME)";
				TEST_HOST = "$(BUILT_PRODUCTS_DIR)/Office365Demo.app/Office365Demo";
			};
			name = Release;
		};
		D87CFD4D1C9CA4050021BBDD /* Debug */ = {
			isa = XCBuildConfiguration;
			buildSettings = {
				INFOPLIST_FILE = Office365DemoUITests/Info.plist;
				LD_RUNPATH_SEARCH_PATHS = "$(inherited) @executable_path/Frameworks @loader_path/Frameworks";
				PRODUCT_BUNDLE_IDENTIFIER = nau.Office365DemoUITests;
				PRODUCT_NAME = "$(TARGET_NAME)";
				TEST_TARGET_NAME = Office365Demo;
				USES_XCTRUNNER = YES;
			};
			name = Debug;
		};
		D87CFD4E1C9CA4050021BBDD /* Release */ = {
			isa = XCBuildConfiguration;
			buildSettings = {
				INFOPLIST_FILE = Office365DemoUITests/Info.plist;
				LD_RUNPATH_SEARCH_PATHS = "$(inherited) @executable_path/Frameworks @loader_path/Frameworks";
				PRODUCT_BUNDLE_IDENTIFIER = nau.Office365DemoUITests;
				PRODUCT_NAME = "$(TARGET_NAME)";
				TEST_TARGET_NAME = Office365Demo;
				USES_XCTRUNNER = YES;
			};
			name = Release;
		};
/* End XCBuildConfiguration section */

/* Begin XCConfigurationList section */
		D87CFD191C9CA4040021BBDD /* Build configuration list for PBXProject "Office365Demo" */ = {
			isa = XCConfigurationList;
			buildConfigurations = (
				D87CFD441C9CA4040021BBDD /* Debug */,
				D87CFD451C9CA4040021BBDD /* Release */,
			);
			defaultConfigurationIsVisible = 0;
			defaultConfigurationName = Release;
		};
		D87CFD461C9CA4050021BBDD /* Build configuration list for PBXNativeTarget "Office365Demo" */ = {
			isa = XCConfigurationList;
			buildConfigurations = (
				D87CFD471C9CA4050021BBDD /* Debug */,
				D87CFD481C9CA4050021BBDD /* Release */,
			);
			defaultConfigurationIsVisible = 0;
			defaultConfigurationName = Release;
		};
		D87CFD491C9CA4050021BBDD /* Build configuration list for PBXNativeTarget "Office365DemoTests" */ = {
			isa = XCConfigurationList;
			buildConfigurations = (
				D87CFD4A1C9CA4050021BBDD /* Debug */,
				D87CFD4B1C9CA4050021BBDD /* Release */,
			);
			defaultConfigurationIsVisible = 0;
			defaultConfigurationName = Release;
		};
		D87CFD4C1C9CA4050021BBDD /* Build configuration list for PBXNativeTarget "Office365DemoUITests" */ = {
			isa = XCConfigurationList;
			buildConfigurations = (
				D87CFD4D1C9CA4050021BBDD /* Debug */,
				D87CFD4E1C9CA4050021BBDD /* Release */,
			);
			defaultConfigurationIsVisible = 0;
			defaultConfigurationName = Release;
		};
/* End XCConfigurationList section */
	};
	rootObject = D87CFD161C9CA4040021BBDD /* Project object */;
}
